
Microsoft Visual Studio Solution File, Format Version 12.00
# Visual Studio Version 17
VisualStudioVersion = 17.14.37502.11 d17.14
MinimumVisualStudioVersion = 10.0.40219.1
Project("{FAE04EC0-301F-11D3-BF4B-00C04F79EFBC}") = "FakeInstaGUI", "FakeInstaGUI\FakeInstaGUI.csproj", "{2B3262C2-C505-40D3-93F5-416ADE0B4D59}"
EndProject
Global
	GlobalSection(SolutionConfigurationPlatforms) = preSolution
		Debug|Any CPU = Debug|Any CPU
		Release|Any CPU = Release|Any CPU
	EndGlobalSection
	GlobalSection(ProjectConfigurationPlatforms) = postSolution
		{2B3262C2-C505-40D3-93F5-416ADE0B4D59}.Debug|Any CPU.ActiveCfg = Debug|Any CPU
		{2B3262C2-C505-40D3-93F5-416ADE0B4D59}.Debug|Any CPU.Build.0 = Debug|Any CPU
		{2B3262C2-C505-40D3-93F5-416ADE0B4D59}.Release|Any CPU.ActiveCfg = Release|Any CPU
		{2B3262C2-C505-40D3-93F5-416ADE0B4D59}.Release|Any CPU.Build.0 = Release|Any CPU
	EndGlobalSection
	GlobalSection(SolutionProperties) = preSolution
		HideSolutionNode = FALSE
	EndGlobalSection
	GlobalSection(ExtensibilityGlobals) = postSolution
		SolutionGuid = {72A7DA8A-4173-46AB-90D3-36DBD43FE113}
	EndGlobalSection
EndGlobal
