
Microsoft Visual Studio Solution File, Format Version 12.00
# Visual Studio Version 17
VisualStudioVersion = 17.14.37502.11 d17.14
MinimumVisualStudioVersion = 10.0.40219.1
Project("{FAE04EC0-301F-11D3-BF4B-00C04F79EFBC}") = "simplenavdemo", "simplenavdemo\simplenavdemo.csproj", "{F6BB799E-D032-4962-B7DA-9B0C9ADAA02C}"
EndProject
Global
	GlobalSection(SolutionConfigurationPlatforms) = preSolution
		Debug|Any CPU = Debug|Any CPU
		Release|Any CPU = Release|Any CPU
	EndGlobalSection
	GlobalSection(ProjectConfigurationPlatforms) = postSolution
		{F6BB799E-D032-4962-B7DA-9B0C9ADAA02C}.Debug|Any CPU.ActiveCfg = Debug|Any CPU
		{F6BB799E-D032-4962-B7DA-9B0C9ADAA02C}.Debug|Any CPU.Build.0 = Debug|Any CPU
		{F6BB799E-D032-4962-B7DA-9B0C9ADAA02C}.Release|Any CPU.ActiveCfg = Release|Any CPU
		{F6BB799E-D032-4962-B7DA-9B0C9ADAA02C}.Release|Any CPU.Build.0 = Release|Any CPU
	EndGlobalSection
	GlobalSection(SolutionProperties) = preSolution
		HideSolutionNode = FALSE
	EndGlobalSection
	GlobalSection(ExtensibilityGlobals) = postSolution
		SolutionGuid = {42D2A3C7-B323-469F-BA92-E7D6E3A0195F}
	EndGlobalSection
EndGlobal
